
Microsoft Visual Studio Solution File, Format Version 12.00
# Visual Studio Version 18
VisualStudioVersion = 18.0.11205.157 d18.0
MinimumVisualStudioVersion = 10.0.40219.1
Project("{9A19103F-16F7-4668-BE54-9A1E7A4F7556}") = "NetCoreForce.Client", "src\NetCoreForce.Client\NetCoreForce.Client.csproj", "{61B7C421-3CB3-465B-8A1F-F31C551B27AD}"
EndProject
Global
	GlobalSection(SolutionConfigurationPlatforms) = preSolution
		Debug|Any CPU = Debug|Any CPU
		Release|Any CPU = Release|Any CPU
	EndGlobalSection
	GlobalSection(ProjectConfigurationPlatforms) = postSolution
		{61B7C421-3CB3-465B-8A1F-F31C551B27AD}.Debug|Any CPU.ActiveCfg = Debug|Any CPU
		{61B7C421-3CB3-465B-8A1F-F31C551B27AD}.Debug|Any CPU.Build.0 = Debug|Any CPU
		{61B7C421-3CB3-465B-8A1F-F31C551B27AD}.Release|Any CPU.ActiveCfg = Release|Any CPU
		{61B7C421-3CB3-465B-8A1F-F31C551B27AD}.Release|Any CPU.Build.0 = Release|Any CPU
	EndGlobalSection
	GlobalSection(SolutionProperties) = preSolution
		HideSolutionNode = FALSE
	EndGlobalSection
	GlobalSection(ExtensibilityGlobals) = postSolution
		SolutionGuid = {A041BD77-4213-41B8-9313-138AF64401C3}
	EndGlobalSection
EndGlobal
